
Microsoft Visual Studio Solution File, Format Version 12.00
# Visual Studio Version 17
VisualStudioVersion = 17.5.33530.505
MinimumVisualStudioVersion = 10.0.40219.1
Project("{9A19103F-16F7-4668-BE54-9A1E7A4F7556}") = "FlipNow.Common", "FlipNow.Entities\FlipNow.Common.csproj", "{6CD21FA8-4228-4774-89E7-83BAD1D39926}"
EndProject
Project("{FAE04EC0-301F-11D3-BF4B-00C04F79EFBC}") = "FlipNow.DataAccess", "FlipNow.DataAccess\FlipNow.DataAccess.csproj", "{CA5438D5-1D25-4DBF-9543-60A679EE30C3}"
EndProject
Global
	GlobalSection(SolutionConfigurationPlatforms) = preSolution
		Debug|Any CPU = Debug|Any CPU
		Release|Any CPU = Release|Any CPU
	EndGlobalSection
	GlobalSection(ProjectConfigurationPlatforms) = postSolution
		{6CD21FA8-4228-4774-89E7-83BAD1D39926}.Debug|Any CPU.ActiveCfg = Debug|Any CPU
		{6CD21FA8-4228-4774-89E7-83BAD1D39926}.Debug|Any CPU.Build.0 = Debug|Any CPU
		{6CD21FA8-4228-4774-89E7-83BAD1D39926}.Release|Any CPU.ActiveCfg = Release|Any CPU
		{6CD21FA8-4228-4774-89E7-83BAD1D39926}.Release|Any CPU.Build.0 = Release|Any CPU
		{CA5438D5-1D25-4DBF-9543-60A679EE30C3}.Debug|Any CPU.ActiveCfg = Debug|Any CPU
		{CA5438D5-1D25-4DBF-9543-60A679EE30C3}.Debug|Any CPU.Build.0 = Debug|Any CPU
		{CA5438D5-1D25-4DBF-9543-60A679EE30C3}.Release|Any CPU.ActiveCfg = Release|Any CPU
		{CA5438D5-1D25-4DBF-9543-60A679EE30C3}.Release|Any CPU.Build.0 = Release|Any CPU
	EndGlobalSection
	GlobalSection(SolutionProperties) = preSolution
		HideSolutionNode = FALSE
	EndGlobalSection
	GlobalSection(ExtensibilityGlobals) = postSolution
		SolutionGuid = {0DAF18E3-740D-46FB-80A5-00C95D060B70}
	EndGlobalSection
EndGlobal
